
Microsoft Visual Studio Solution File, Format Version 12.00
# Visual Studio Version 16
VisualStudioVersion = 16.0.30011.22
MinimumVisualStudioVersion = 10.0.40219.1
Project("{FAE04EC0-301F-11D3-BF4B-00C04F79EFBC}") = "DA_CNPM", "DA_CNPM.csproj", "{8169955E-3758-4E77-8245-D95935B909EB}"
EndProject
Global
	GlobalSection(SolutionConfigurationPlatforms) = preSolution
		Debug|Any CPU = Debug|Any CPU
		Release|Any CPU = Release|Any CPU
	EndGlobalSection
	GlobalSection(ProjectConfigurationPlatforms) = postSolution
		{8169955E-3758-4E77-8245-D95935B909EB}.Debug|Any CPU.ActiveCfg = Debug|Any CPU
		{8169955E-3758-4E77-8245-D95935B909EB}.Debug|Any CPU.Build.0 = Debug|Any CPU
		{8169955E-3758-4E77-8245-D95935B909EB}.Release|Any CPU.ActiveCfg = Release|Any CPU
		{8169955E-3758-4E77-8245-D95935B909EB}.Release|Any CPU.Build.0 = Release|Any CPU
	EndGlobalSection
	GlobalSection(SolutionProperties) = preSolution
		HideSolutionNode = FALSE
	EndGlobalSection
	GlobalSection(ExtensibilityGlobals) = postSolution
		SolutionGuid = {BA0CDD21-9554-4462-8733-67010E0E33EC}
	EndGlobalSection
EndGlobal
